
Microsoft Visual Studio Solution File, Format Version 12.00
# Visual Studio Version 16
VisualStudioVersion = 16.0.29215.179
MinimumVisualStudioVersion = 10.0.40219.1
Project("{FAE04EC0-301F-11D3-BF4B-00C04F79EFBC}") = "Desafio.UWP", "Desafio.UWP\Desafio.UWP.csproj", "{978111D3-D227-445F-99AD-9C2CC58C6CEA}"
EndProject
Project("{FAE04EC0-301F-11D3-BF4B-00C04F79EFBC}") = "Desafio.Android", "Desafio.Android\Desafio.Android.csproj", "{4EC22D75-BAB0-457F-86E7-350C903B0F5A}"
EndProject
Project("{FAE04EC0-301F-11D3-BF4B-00C04F79EFBC}") = "Desafio", "Desafio\Desafio.csproj", "{C27527B7-B3EF-4544-9115-F7F5D6CBED4D}"
EndProject
Global
	GlobalSection(SolutionConfigurationPlatforms) = preSolution
		Debug|Any CPU = Debug|Any CPU
		Debug|ARM = Debug|ARM
		Debug|x64 = Debug|x64
		Debug|x86 = Debug|x86
		Release|Any CPU = Release|Any CPU
		Release|ARM = Release|ARM
		Release|x64 = Release|x64
		Release|x86 = Release|x86
	EndGlobalSection
	GlobalSection(ProjectConfigurationPlatforms) = postSolution
		{978111D3-D227-445F-99AD-9C2CC58C6CEA}.Debug|Any CPU.ActiveCfg = Debug|x86
		{978111D3-D227-445F-99AD-9C2CC58C6CEA}.Debug|Any CPU.Build.0 = Debug|x86
		{978111D3-D227-445F-99AD-9C2CC58C6CEA}.Debug|Any CPU.Deploy.0 = Debug|x86
		{978111D3-D227-445F-99AD-9C2CC58C6CEA}.Debug|ARM.ActiveCfg = Debug|ARM
		{978111D3-D227-445F-99AD-9C2CC58C6CEA}.Debug|ARM.Build.0 = Debug|ARM
		{978111D3-D227-445F-99AD-9C2CC58C6CEA}.Debug|ARM.Deploy.0 = Debug|ARM
		{978111D3-D227-445F-99AD-9C2CC58C6CEA}.Debug|x64.ActiveCfg = Debug|x64
		{978111D3-D227-445F-99AD-9C2CC58C6CEA}.Debug|x64.Build.0 = Debug|x64
		{978111D3-D227-445F-99AD-9C2CC58C6CEA}.Debug|x64.Deploy.0 = Debug|x64
		{978111D3-D227-445F-99AD-9C2CC58C6CEA}.Debug|x86.ActiveCfg = Debug|x86
		{978111D3-D227-445F-99AD-9C2CC58C6CEA}.Debug|x86.Build.0 = Debug|x86
		{978111D3-D227-445F-99AD-9C2CC58C6CEA}.Debug|x86.Deploy.0 = Debug|x86
		{978111D3-D227-445F-99AD-9C2CC58C6CEA}.Release|Any CPU.ActiveCfg = Release|x86
		{978111D3-D227-445F-99AD-9C2CC58C6CEA}.Release|Any CPU.Build.0 = Release|x86
		{978111D3-D227-445F-99AD-9C2CC58C6CEA}.Release|Any CPU.Deploy.0 = Release|x86
		{978111D3-D227-445F-99AD-9C2CC58C6CEA}.Release|ARM.ActiveCfg = Release|ARM
		{978111D3-D227-445F-99AD-9C2CC58C6CEA}.Release|ARM.Build.0 = Release|ARM
		{978111D3-D227-445F-99AD-9C2CC58C6CEA}.Release|ARM.Deploy.0 = Release|ARM
		{978111D3-D227-445F-99AD-9C2CC58C6CEA}.Release|x64.ActiveCfg = Release|x64
		{978111D3-D227-445F-99AD-9C2CC58C6CEA}.Release|x64.Build.0 = Release|x64
		{978111D3-D227-445F-99AD-9C2CC58C6CEA}.Release|x64.Deploy.0 = Release|x64
		{978111D3-D227-445F-99AD-9C2CC58C6CEA}.Release|x86.ActiveCfg = Release|x86
		{978111D3-D227-445F-99AD-9C2CC58C6CEA}.Release|x86.Build.0 = Release|x86
		{978111D3-D227-445F-99AD-9C2CC58C6CEA}.Release|x86.Deploy.0 = Release|x86
		{4EC22D75-BAB0-457F-86E7-350C903B0F5A}.Debug|Any CPU.ActiveCfg = Debug|Any CPU
		{4EC22D75-BAB0-457F-86E7-350C903B0F5A}.Debug|Any CPU.Build.0 = Debug|Any CPU
		{4EC22D75-BAB0-457F-86E7-350C903B0F5A}.Debug|Any CPU.Deploy.0 = Debug|Any CPU
		{4EC22D75-BAB0-457F-86E7-350C903B0F5A}.Debug|ARM.ActiveCfg = Debug|Any CPU
		{4EC22D75-BAB0-457F-86E7-350C903B0F5A}.Debug|ARM.Build.0 = Debug|Any CPU
		{4EC22D75-BAB0-457F-86E7-350C903B0F5A}.Debug|ARM.Deploy.0 = Debug|Any CPU
		{4EC22D75-BAB0-457F-86E7-350C903B0F5A}.Debug|x64.ActiveCfg = Debug|Any CPU
		{4EC22D75-BAB0-457F-86E7-350C903B0F5A}.Debug|x64.Build.0 = Debug|Any CPU
		{4EC22D75-BAB0-457F-86E7-350C903B0F5A}.Debug|x64.Deploy.0 = Debug|Any CPU
		{4EC22D75-BAB0-457F-86E7-350C903B0F5A}.Debug|x86.ActiveCfg = Debug|Any CPU
		{4EC22D75-BAB0-457F-86E7-350C903B0F5A}.Debug|x86.Build.0 = Debug|Any CPU
		{4EC22D75-BAB0-457F-86E7-350C903B0F5A}.Debug|x86.Deploy.0 = Debug|Any CPU
		{4EC22D75-BAB0-457F-86E7-350C903B0F5A}.Release|Any CPU.ActiveCfg = Release|Any CPU
		{4EC22D75-BAB0-457F-86E7-350C903B0F5A}.Release|Any CPU.Build.0 = Release|Any CPU
		{4EC22D75-BAB0-457F-86E7-350C903B0F5A}.Release|Any CPU.Deploy.0 = Release|Any CPU
		{4EC22D75-BAB0-457F-86E7-350C903B0F5A}.Release|ARM.ActiveCfg = Release|Any CPU
		{4EC22D75-BAB0-457F-86E7-350C903B0F5A}.Release|ARM.Build.0 = Release|Any CPU
		{4EC22D75-BAB0-457F-86E7-350C903B0F5A}.Release|ARM.Deploy.0 = Release|Any CPU
		{4EC22D75-BAB0-457F-86E7-350C903B0F5A}.Release|x64.ActiveCfg = Release|Any CPU
		{4EC22D75-BAB0-457F-86E7-350C903B0F5A}.Release|x64.Build.0 = Release|Any CPU
		{4EC22D75-BAB0-457F-86E7-350C903B0F5A}.Release|x64.Deploy.0 = Release|Any CPU
		{4EC22D75-BAB0-457F-86E7-350C903B0F5A}.Release|x86.ActiveCfg = Release|Any CPU
		{4EC22D75-BAB0-457F-86E7-350C903B0F5A}.Release|x86.Build.0 = Release|Any CPU
		{4EC22D75-BAB0-457F-86E7-350C903B0F5A}.Release|x86.Deploy.0 = Release|Any CPU
		{C27527B7-B3EF-4544-9115-F7F5D6CBED4D}.Debug|Any CPU.ActiveCfg = Debug|Any CPU
		{C27527B7-B3EF-4544-9115-F7F5D6CBED4D}.Debug|Any CPU.Build.0 = Debug|Any CPU
		{C27527B7-B3EF-4544-9115-F7F5D6CBED4D}.Debug|Any CPU.Deploy.0 = Debug|Any CPU
		{C27527B7-B3EF-4544-9115-F7F5D6CBED4D}.Debug|ARM.ActiveCfg = Debug|Any CPU
		{C27527B7-B3EF-4544-9115-F7F5D6CBED4D}.Debug|ARM.Build.0 = Debug|Any CPU
		{C27527B7-B3EF-4544-9115-F7F5D6CBED4D}.Debug|ARM.Deploy.0 = Debug|Any CPU
		{C27527B7-B3EF-4544-9115-F7F5D6CBED4D}.Debug|x64.ActiveCfg = Debug|Any CPU
		{C27527B7-B3EF-4544-9115-F7F5D6CBED4D}.Debug|x64.Build.0 = Debug|Any CPU
		{C27527B7-B3EF-4544-9115-F7F5D6CBED4D}.Debug|x64.Deploy.0 = Debug|Any CPU
		{C27527B7-B3EF-4544-9115-F7F5D6CBED4D}.Debug|x86.ActiveCfg = Debug|Any CPU
		{C27527B7-B3EF-4544-9115-F7F5D6CBED4D}.Debug|x86.Build.0 = Debug|Any CPU
		{C27527B7-B3EF-4544-9115-F7F5D6CBED4D}.Debug|x86.Deploy.0 = Debug|Any CPU
		{C27527B7-B3EF-4544-9115-F7F5D6CBED4D}.Release|Any CPU.ActiveCfg = Release|Any CPU
		{C27527B7-B3EF-4544-9115-F7F5D6CBED4D}.Release|Any CPU.Build.0 = Release|Any CPU
		{C27527B7-B3EF-4544-9115-F7F5D6CBED4D}.Release|Any CPU.Deploy.0 = Release|Any CPU
		{C27527B7-B3EF-4544-9115-F7F5D6CBED4D}.Release|ARM.ActiveCfg = Release|Any CPU
		{C27527B7-B3EF-4544-9115-F7F5D6CBED4D}.Release|ARM.Build.0 = Release|Any CPU
		{C27527B7-B3EF-4544-9115-F7F5D6CBED4D}.Release|ARM.Deploy.0 = Release|Any CPU
		{C27527B7-B3EF-4544-9115-F7F5D6CBED4D}.Release|x64.ActiveCfg = Release|Any CPU
		{C27527B7-B3EF-4544-9115-F7F5D6CBED4D}.Release|x64.Build.0 = Release|Any CPU
		{C27527B7-B3EF-4544-9115-F7F5D6CBED4D}.Release|x64.Deploy.0 = Release|Any CPU
		{C27527B7-B3EF-4544-9115-F7F5D6CBED4D}.Release|x86.ActiveCfg = Release|Any CPU
		{C27527B7-B3EF-4544-9115-F7F5D6CBED4D}.Release|x86.Build.0 = Release|Any CPU
		{C27527B7-B3EF-4544-9115-F7F5D6CBED4D}.Release|x86.Deploy.0 = Release|Any CPU
	EndGlobalSection
	GlobalSection(SolutionProperties) = preSolution
		HideSolutionNode = FALSE
	EndGlobalSection
	GlobalSection(ExtensibilityGlobals) = postSolution
		SolutionGuid = {B3307A3E-826C-48D0-ACEE-A0BA900961ED}
	EndGlobalSection
EndGlobal
